
Microsoft Visual Studio Solution File, Format Version 12.00
# Visual Studio Version 16
VisualStudioVersion = 16.0.34729.46
MinimumVisualStudioVersion = 10.0.40219.1
Project("{FAE04EC0-301F-11D3-BF4B-00C04F79EFBC}") = "DeclarativeForms", "DeclarativeForms\DeclarativeForms.csproj", "{107A139D-6D07-406A-9329-4B21757009CB}"
EndProject
Global
	GlobalSection(SolutionConfigurationPlatforms) = preSolution
		Debug|Any CPU = Debug|Any CPU
		Release|Any CPU = Release|Any CPU
	EndGlobalSection
	GlobalSection(ProjectConfigurationPlatforms) = postSolution
		{107A139D-6D07-406A-9329-4B21757009CB}.Debug|Any CPU.ActiveCfg = Debug|Any CPU
		{107A139D-6D07-406A-9329-4B21757009CB}.Debug|Any CPU.Build.0 = Debug|Any CPU
		{107A139D-6D07-406A-9329-4B21757009CB}.Release|Any CPU.ActiveCfg = Release|Any CPU
		{107A139D-6D07-406A-9329-4B21757009CB}.Release|Any CPU.Build.0 = Release|Any CPU
	EndGlobalSection
	GlobalSection(SolutionProperties) = preSolution
		HideSolutionNode = FALSE
	EndGlobalSection
	GlobalSection(ExtensibilityGlobals) = postSolution
		SolutionGuid = {6963F47D-CE8D-4078-86A9-C4F6502711EF}
	EndGlobalSection
EndGlobal
